
Microsoft Visual Studio Solution File, Format Version 12.00
# Visual Studio Version 17
VisualStudioVersion = 17.3.32922.545
MinimumVisualStudioVersion = 10.0.40219.1
Project("{FAE04EC0-301F-11D3-BF4B-00C04F79EFBC}") = "Polaris.CategoriaConteiner", "Polaris.CategoriaConteiner.csproj", "{AD276233-7542-48B2-935D-BFA7FB939377}"
EndProject
Global
	GlobalSection(SolutionConfigurationPlatforms) = preSolution
		Debug|Any CPU = Debug|Any CPU
		Release|Any CPU = Release|Any CPU
	EndGlobalSection
	GlobalSection(ProjectConfigurationPlatforms) = postSolution
		{AD276233-7542-48B2-935D-BFA7FB939377}.Debug|Any CPU.ActiveCfg = Debug|Any CPU
		{AD276233-7542-48B2-935D-BFA7FB939377}.Debug|Any CPU.Build.0 = Debug|Any CPU
		{AD276233-7542-48B2-935D-BFA7FB939377}.Release|Any CPU.ActiveCfg = Release|Any CPU
		{AD276233-7542-48B2-935D-BFA7FB939377}.Release|Any CPU.Build.0 = Release|Any CPU
	EndGlobalSection
	GlobalSection(SolutionProperties) = preSolution
		HideSolutionNode = FALSE
	EndGlobalSection
	GlobalSection(ExtensibilityGlobals) = postSolution
		SolutionGuid = {A9828B7F-8E49-44D2-A376-9CC181E3D436}
	EndGlobalSection
EndGlobal
